<?xml version="1.0" encoding="utf-8"?>
<Project ToolsVersion="4.0" xmlns="http://schemas.microsoft.com/developer/msbuild/2003">
  <ItemGroup>
    <Filter Include="Исходные файлы">
      <UniqueIdentifier>{4FC737F1-C7A5-4376-A066-2A32D752A2FF}</UniqueIdentifier>
      <Extensions>cpp;c;cc;cxx;c++;cppm;ixx;def;odl;idl;hpj;bat;asm;asmx</Extensions>
    </Filter>
    <Filter Include="Файлы заголовков">
      <UniqueIdentifier>{93995380-89BD-4b04-88EB-625FBE52EBFB}</UniqueIdentifier>
      <Extensions>h;hh;hpp;hxx;h++;hm;inl;inc;ipp;xsd</Extensions>
    </Filter>
    <Filter Include="Файлы ресурсов">
      <UniqueIdentifier>{67DA6AB6-F800-4c08-8B7A-83BB121AAD01}</UniqueIdentifier>
      <Extensions>rc;ico;cur;bmp;dlg;rc2;rct;bin;rgs;gif;jpg;jpeg;jpe;resx;tiff;tif;png;wav;mfcribbon-ms</Extensions>
    </Filter>
    <Filter Include="Font">
      <UniqueIdentifier>{62212eae-7c59-4e61-bf1d-a3c86f58131e}</UniqueIdentifier>
    </Filter>
    <Filter Include="Graphics">
      <UniqueIdentifier>{ef3abc67-5577-4876-acf0-147880f665fb}</UniqueIdentifier>
    </Filter>
    <Filter Include="Sounds">
      <UniqueIdentifier>{ad3cee7c-a641-4540-a92a-6cfe9f47e7ff}</UniqueIdentifier>
    </Filter>
  </ItemGroup>
  <ItemGroup>
    <ClCompile Include="Space_Invaders.cpp">
      <Filter>Исходные файлы</Filter>
    </ClCompile>
    <ClCompile Include="alien.cpp">
      <Filter>Исходные файлы</Filter>
    </ClCompile>
    <ClCompile Include="block.cpp">
      <Filter>Исходные файлы</Filter>
    </ClCompile>
    <ClCompile Include="game.cpp">
      <Filter>Исходные файлы</Filter>
    </ClCompile>
    <ClCompile Include="laser.cpp">
      <Filter>Исходные файлы</Filter>
    </ClCompile>
    <ClCompile Include="mysteryship.cpp">
      <Filter>Исходные файлы</Filter>
    </ClCompile>
    <ClCompile Include="obstacle.cpp">
      <Filter>Исходные файлы</Filter>
    </ClCompile>
    <ClCompile Include="spaceship.cpp">
      <Filter>Исходные файлы</Filter>
    </ClCompile>
  </ItemGroup>
  <ItemGroup>
    <Font Include="Font\monogram.ttf">
      <Filter>Font</Filter>
    </Font>
  </ItemGroup>
  <ItemGroup>
    <Image Include="Graphics\spaceship.png">
      <Filter>Graphics</Filter>
    </Image>
    <Image Include="Graphics\alien_1.png">
      <Filter>Graphics</Filter>
    </Image>
    <Image Include="Graphics\alien_2.png">
      <Filter>Graphics</Filter>
    </Image>
    <Image Include="Graphics\alien_3.png">
      <Filter>Graphics</Filter>
    </Image>
    <Image Include="Graphics\mystery.png">
      <Filter>Graphics</Filter>
    </Image>
  </ItemGroup>
  <ItemGroup>
    <None Include="Sounds\explosion.ogg">
      <Filter>Sounds</Filter>
    </None>
    <None Include="Sounds\laser.ogg">
      <Filter>Sounds</Filter>
    </None>
    <None Include="Sounds\music.ogg">
      <Filter>Sounds</Filter>
    </None>
  </ItemGroup>
  <ItemGroup>
    <ClInclude Include="alien.hpp">
      <Filter>Файлы заголовков</Filter>
    </ClInclude>
    <ClInclude Include="block.hpp">
      <Filter>Файлы заголовков</Filter>
    </ClInclude>
    <ClInclude Include="game.hpp">
      <Filter>Файлы заголовков</Filter>
    </ClInclude>
    <ClInclude Include="laser.hpp">
      <Filter>Файлы заголовков</Filter>
    </ClInclude>
    <ClInclude Include="mysteryship.hpp">
      <Filter>Файлы заголовков</Filter>
    </ClInclude>
    <ClInclude Include="obstacle.hpp">
      <Filter>Файлы заголовков</Filter>
    </ClInclude>
    <ClInclude Include="spaceship.hpp">
      <Filter>Файлы заголовков</Filter>
    </ClInclude>
  </ItemGroup>
</Project>